
Microsoft Visual Studio Solution File, Format Version 12.00
# Visual Studio Version 17
VisualStudioVersion = 17.14.36203.30 d17.14
MinimumVisualStudioVersion = 10.0.40219.1
Project("{FAE04EC0-301F-11D3-BF4B-00C04F79EFBC}") = "ModelsAndModelBinding", "ModelsAndModelBinding\ModelsAndModelBinding.csproj", "{85E69F60-1FC8-47F5-B990-DA6A0C90EA77}"
EndProject
Global
	GlobalSection(SolutionConfigurationPlatforms) = preSolution
		Debug|Any CPU = Debug|Any CPU
		Release|Any CPU = Release|Any CPU
	EndGlobalSection
	GlobalSection(ProjectConfigurationPlatforms) = postSolution
		{85E69F60-1FC8-47F5-B990-DA6A0C90EA77}.Debug|Any CPU.ActiveCfg = Debug|Any CPU
		{85E69F60-1FC8-47F5-B990-DA6A0C90EA77}.Debug|Any CPU.Build.0 = Debug|Any CPU
		{85E69F60-1FC8-47F5-B990-DA6A0C90EA77}.Release|Any CPU.ActiveCfg = Release|Any CPU
		{85E69F60-1FC8-47F5-B990-DA6A0C90EA77}.Release|Any CPU.Build.0 = Release|Any CPU
	EndGlobalSection
	GlobalSection(SolutionProperties) = preSolution
		HideSolutionNode = FALSE
	EndGlobalSection
	GlobalSection(ExtensibilityGlobals) = postSolution
		SolutionGuid = {A8385BA9-F675-4995-9058-72113E952CD8}
	EndGlobalSection
EndGlobal
